<Solution>
  <Project Path="SpawnDev.SpawnJS.WebWorkers.Demo/SpawnDev.SpawnJS.WebWorkers.Demo.csproj" />
  <Project Path="SpawnDev.SpawnJS.WebWorkers/SpawnDev.SpawnJS.WebWorkers.csproj" />
  <Project Path="SpawnDev.SpawnJS.WebWorkers.TestRunner/SpawnDev.SpawnJS.WebWorkers.TestRunner.csproj" />
</Solution>
